
Microsoft Visual Studio Solution File, Format Version 12.00
# Visual Studio Version 17
VisualStudioVersion = 17.1.32421.90
MinimumVisualStudioVersion = 10.0.40219.1
Project("{FAE04EC0-301F-11D3-BF4B-00C04F79EFBC}") = "calculatorApp", "calculatorApp.csproj", "{EDE71230-625A-413D-8575-79D940D09D64}"
EndProject
Global
	GlobalSection(SolutionConfigurationPlatforms) = preSolution
		Debug|Any CPU = Debug|Any CPU
		Release|Any CPU = Release|Any CPU
	EndGlobalSection
	GlobalSection(ProjectConfigurationPlatforms) = postSolution
		{EDE71230-625A-413D-8575-79D940D09D64}.Debug|Any CPU.ActiveCfg = Debug|Any CPU
		{EDE71230-625A-413D-8575-79D940D09D64}.Debug|Any CPU.Build.0 = Debug|Any CPU
		{EDE71230-625A-413D-8575-79D940D09D64}.Release|Any CPU.ActiveCfg = Release|Any CPU
		{EDE71230-625A-413D-8575-79D940D09D64}.Release|Any CPU.Build.0 = Release|Any CPU
	EndGlobalSection
	GlobalSection(SolutionProperties) = preSolution
		HideSolutionNode = FALSE
	EndGlobalSection
	GlobalSection(ExtensibilityGlobals) = postSolution
		SolutionGuid = {205E11E3-66BC-4A8D-9EC8-76ABAC89F7E1}
	EndGlobalSection
EndGlobal
